// !$*UTF8*$!
{
	archiveVersion = 1;
	classes = {
	};
	objectVersion = 56;
	objects = {

/* Begin PBXBuildFile section */
		FA1425B62B30F3CF009484CB /* SendData_SwiftUIApp.swift in Sources */ = {isa = PBXBuildFile; fileRef = FA1425B52B30F3CF009484CB /* SendData_SwiftUIApp.swift */; };
		FA1425BA2B30F3D0009484CB /* Assets.xcassets in Resources */ = {isa = PBXBuildFile; fileRef = FA1425B92B30F3D0009484CB /* Assets.xcassets */; };
		FA1425BD2B30F3D0009484CB /* Preview Assets.xcassets in Resources */ = {isa = PBXBuildFile; fileRef = FA1425BC2B30F3D0009484CB /* Preview Assets.xcassets */; };
		FA1425C72B30F51C009484CB /* UserManager.swift in Sources */ = {isa = PBXBuildFile; fileRef = FA1425C62B30F51C009484CB /* UserManager.swift */; };
		FA1425C92B30F770009484CB /* StartView.swift in Sources */ = {isa = PBXBuildFile; fileRef = FA1425C82B30F770009484CB /* StartView.swift */; };
		FA1425CB2B30F86A009484CB /* RegisterView.swift in Sources */ = {isa = PBXBuildFile; fileRef = FA1425CA2B30F86A009484CB /* RegisterView.swift */; };
		FA1425CD2B30F87C009484CB /* TimerView.swift in Sources */ = {isa = PBXBuildFile; fileRef = FA1425CC2B30F87C009484CB /* TimerView.swift */; };
		FA1425CF2B310098009484CB /* TimeCounter.swift in Sources */ = {isa = PBXBuildFile; fileRef = FA1425CE2B310098009484CB /* TimeCounter.swift */; };
		FA1425D22B31A8CF009484CB /* SendData_SwiftUI.xcdatamodeld in Sources */ = {isa = PBXBuildFile; fileRef = FA1425D02B31A8CF009484CB /* SendData_SwiftUI.xcdatamodeld */; };
/* End PBXBuildFile section */

/* Begin PBXFileReference section */
		FA1425B22B30F3CF009484CB /* SendData_SwiftUI.app */ = {isa = PBXFileReference; explicitFileType = wrapper.application; includeInIndex = 0; path = SendData_SwiftUI.app; sourceTree = BUILT_PRODUCTS_DIR; };
		FA1425B52B30F3CF009484CB /* SendData_SwiftUIApp.swift */ = {isa = PBXFileReference; lastKnownFileType = sourcecode.swift; path = SendData_SwiftUIApp.swift; sourceTree = "<group>"; };
		FA1425B92B30F3D0009484CB /* Assets.xcassets */ = {isa = PBXFileReference; lastKnownFileType = folder.assetcatalog; path = Assets.xcassets; sourceTree = "<group>"; };
		FA1425BC2B30F3D0009484CB /* Preview Assets.xcassets */ = {isa = PBXFileReference; lastKnownFileType = folder.assetcatalog; path = "Preview Assets.xcassets"; sourceTree = "<group>"; };
		FA1425C62B30F51C009484CB /* UserManager.swift */ = {isa = PBXFileReference; lastKnownFileType = sourcecode.swift; path = UserManager.swift; sourceTree = "<group>"; };
		FA1425C82B30F770009484CB /* StartView.swift */ = {isa = PBXFileReference; lastKnownFileType = sourcecode.swift; path = StartView.swift; sourceTree = "<group>"; };
		FA1425CA2B30F86A009484CB /* RegisterView.swift */ = {isa = PBXFileReference; lastKnownFileType = sourcecode.swift; path = RegisterView.swift; sourceTree = "<group>"; };
		FA1425CC2B30F87C009484CB /* TimerView.swift */ = {isa = PBXFileReference; lastKnownFileType = sourcecode.swift; path = TimerView.swift; sourceTree = "<group>"; };
		FA1425CE2B310098009484CB /* TimeCounter.swift */ = {isa = PBXFileReference; lastKnownFileType = sourcecode.swift; path = TimeCounter.swift; sourceTree = "<group>"; };
		FA1425D12B31A8CF009484CB /* SendData_SwiftUI.xcdatamodel */ = {isa = PBXFileReference; lastKnownFileType = wrapper.xcdatamodel; path = SendData_SwiftUI.xcdatamodel; sourceTree = "<group>"; };
/* End PBXFileReference section */

/* Begin PBXFrameworksBuildPhase section */
		FA1425AF2B30F3CF009484CB /* Frameworks */ = {
			isa = PBXFrameworksBuildPhase;
			buildActionMask = 2147483647;
			files = (
			);
			runOnlyForDeploymentPostprocessing = 0;
		};
/* End PBXFrameworksBuildPhase section */

/* Begin PBXGroup section */
		FA1425A92B30F3CF009484CB = {
			isa = PBXGroup;
			children = (
				FA1425B42B30F3CF009484CB /* SendData_SwiftUI */,
				FA1425B32B30F3CF009484CB /* Products */,
			);
			sourceTree = "<group>";
		};
		FA1425B32B30F3CF009484CB /* Products */ = {
			isa = PBXGroup;
			children = (
				FA1425B22B30F3CF009484CB /* SendData_SwiftUI.app */,
			);
			name = Products;
			sourceTree = "<group>";
		};
		FA1425B42B30F3CF009484CB /* SendData_SwiftUI */ = {
			isa = PBXGroup;
			children = (
				FA1425C32B30F4C7009484CB /* App */,
				FA1425C42B30F4CF009484CB /* Views */,
				FA1425C52B30F4E2009484CB /* ObservableObject */,
				FA1425B92B30F3D0009484CB /* Assets.xcassets */,
				FA1425BB2B30F3D0009484CB /* Preview Content */,
			);
			path = SendData_SwiftUI;
			sourceTree = "<group>";
		};
		FA1425BB2B30F3D0009484CB /* Preview Content */ = {
			isa = PBXGroup;
			children = (
				FA1425BC2B30F3D0009484CB /* Preview Assets.xcassets */,
			);
			path = "Preview Content";
			sourceTree = "<group>";
		};
		FA1425C32B30F4C7009484CB /* App */ = {
			isa = PBXGroup;
			children = (
				FA1425B52B30F3CF009484CB /* SendData_SwiftUIApp.swift */,
				FA1425D02B31A8CF009484CB /* SendData_SwiftUI.xcdatamodeld */,
			);
			path = App;
			sourceTree = "<group>";
		};
		FA1425C42B30F4CF009484CB /* Views */ = {
			isa = PBXGroup;
			children = (
				FA1425C82B30F770009484CB /* StartView.swift */,
				FA1425CA2B30F86A009484CB /* RegisterView.swift */,
				FA1425CC2B30F87C009484CB /* TimerView.swift */,
			);
			path = Views;
			sourceTree = "<group>";
		};
		FA1425C52B30F4E2009484CB /* ObservableObject */ = {
			isa = PBXGroup;
			children = (
				FA1425C62B30F51C009484CB /* UserManager.swift */,
				FA1425CE2B310098009484CB /* TimeCounter.swift */,
			);
			path = ObservableObject;
			sourceTree = "<group>";
		};
/* End PBXGroup section */

/* Begin PBXNativeTarget section */
		FA1425B12B30F3CF009484CB /* SendData_SwiftUI */ = {
			isa = PBXNativeTarget;
			buildConfigurationList = FA1425C02B30F3D0009484CB /* Build configuration list for PBXNativeTarget "SendData_SwiftUI" */;
			buildPhases = (
				FA1425AE2B30F3CF009484CB /* Sources */,
				FA1425AF2B30F3CF009484CB /* Frameworks */,
				FA1425B02B30F3CF009484CB /* Resources */,
			);
			buildRules = (
			);
			dependencies = (
			);
			name = SendData_SwiftUI;
			productName = SendData_SwiftUI;
			productReference = FA1425B22B30F3CF009484CB /* SendData_SwiftUI.app */;
			productType = "com.apple.product-type.application";
		};
/* End PBXNativeTarget section */

/* Begin PBXProject section */
		FA1425AA2B30F3CF009484CB /* Project object */ = {
			isa = PBXProject;
			attributes = {
				BuildIndependentTargetsInParallel = 1;
				LastSwiftUpdateCheck = 1500;
				LastUpgradeCheck = 1500;
				TargetAttributes = {
					FA1425B12B30F3CF009484CB = {
						CreatedOnToolsVersion = 15.0.1;
					};
				};
			};
			buildConfigurationList = FA1425AD2B30F3CF009484CB /* Build configuration list for PBXProject "SendData_SwiftUI" */;
			compatibilityVersion = "Xcode 14.0";
			developmentRegion = en;
			hasScannedForEncodings = 0;
			knownRegions = (
				en,
				Base,
			);
			mainGroup = FA1425A92B30F3CF009484CB;
			productRefGroup = FA1425B32B30F3CF009484CB /* Products */;
			projectDirPath = "";
			projectRoot = "";
			targets = (
				FA1425B12B30F3CF009484CB /* SendData_SwiftUI */,
			);
		};
/* End PBXProject section */

/* Begin PBXResourcesBuildPhase section */
		FA1425B02B30F3CF009484CB /* Resources */ = {
			isa = PBXResourcesBuildPhase;
			buildActionMask = 2147483647;
			files = (
				FA1425BD2B30F3D0009484CB /* Preview Assets.xcassets in Resources */,
				FA1425BA2B30F3D0009484CB /* Assets.xcassets in Resources */,
			);
			runOnlyForDeploymentPostprocessing = 0;
		};
/* End PBXResourcesBuildPhase section */

/* Begin PBXSourcesBuildPhase section */
		FA1425AE2B30F3CF009484CB /* Sources */ = {
			isa = PBXSourcesBuildPhase;
			buildActionMask = 2147483647;
			files = (
				FA1425CD2B30F87C009484CB /* TimerView.swift in Sources */,
				FA1425C92B30F770009484CB /* StartView.swift in Sources */,
				FA1425CB2B30F86A009484CB /* RegisterView.swift in Sources */,
				FA1425CF2B310098009484CB /* TimeCounter.swift in Sources */,
				FA1425C72B30F51C009484CB /* UserManager.swift in Sources */,
				FA1425B62B30F3CF009484CB /* SendData_SwiftUIApp.swift in Sources */,
				FA1425D22B31A8CF009484CB /* SendData_SwiftUI.xcdatamodeld in Sources */,
			);
			runOnlyForDeploymentPostprocessing = 0;
		};
/* End PBXSourcesBuildPhase section */

/* Begin XCBuildConfiguration section */
		FA1425BE2B30F3D0009484CB /* Debug */ = {
			isa = XCBuildConfiguration;
			buildSettings = {
				ALWAYS_SEARCH_USER_PATHS = NO;
				ASSETCATALOG_COMPILER_GENERATE_SWIFT_ASSET_SYMBOL_EXTENSIONS = YES;
				CLANG_ANALYZER_NONNULL = YES;
				CLANG_ANALYZER_NUMBER_OBJECT_CONVERSION = YES_AGGRESSIVE;
				CLANG_CXX_LANGUAGE_STANDARD = "gnu++20";
				CLANG_ENABLE_MODULES = YES;
				CLANG_ENABLE_OBJC_ARC = YES;
				CLANG_ENABLE_OBJC_WEAK = YES;
				CLANG_WARN_BLOCK_CAPTURE_AUTORELEASING = YES;
				CLANG_WARN_BOOL_CONVERSION = YES;
				CLANG_WARN_COMMA = YES;
				CLANG_WARN_CONSTANT_CONVERSION = YES;
				CLANG_WARN_DEPRECATED_OBJC_IMPLEMENTATIONS = YES;
				CLANG_WARN_DIRECT_OBJC_ISA_USAGE = YES_ERROR;
				CLANG_WARN_DOCUMENTATION_COMMENTS = YES;
				CLANG_WARN_EMPTY_BODY = YES;
				CLANG_WARN_ENUM_CONVERSION = YES;
				CLANG_WARN_INFINITE_RECURSION = YES;
				CLANG_WARN_INT_CONVERSION = YES;
				CLANG_WARN_NON_LITERAL_NULL_CONVERSION = YES;
				CLANG_WARN_OBJC_IMPLICIT_RETAIN_SELF = YES;
				CLANG_WARN_OBJC_LITERAL_CONVERSION = YES;
				CLANG_WARN_OBJC_ROOT_CLASS = YES_ERROR;
				CLANG_WARN_QUOTED_INCLUDE_IN_FRAMEWORK_HEADER = YES;
				CLANG_WARN_RANGE_LOOP_ANALYSIS = YES;
				CLANG_WARN_STRICT_PROTOTYPES = YES;
				CLANG_WARN_SUSPICIOUS_MOVE = YES;
				CLANG_WARN_UNGUARDED_AVAILABILITY = YES_AGGRESSIVE;
				CLANG_WARN_UNREACHABLE_CODE = YES;
				CLANG_WARN__DUPLICATE_METHOD_MATCH = YES;
				COPY_PHASE_STRIP = NO;
				DEBUG_INFORMATION_FORMAT = dwarf;
				ENABLE_STRICT_OBJC_MSGSEND = YES;
				ENABLE_TESTABILITY = YES;
				ENABLE_USER_SCRIPT_SANDBOXING = YES;
				GCC_C_LANGUAGE_STANDARD = gnu17;
				GCC_DYNAMIC_NO_PIC = NO;
				GCC_NO_COMMON_BLOCKS = YES;
				GCC_OPTIMIZATION_LEVEL = 0;
				GCC_PREPROCESSOR_DEFINITIONS = (
					"DEBUG=1",
					"$(inherited)",
				);
				GCC_WARN_64_TO_32_BIT_CONVERSION = YES;
				GCC_WARN_ABOUT_RETURN_TYPE = YES_ERROR;
				GCC_WARN_UNDECLARED_SELECTOR = YES;
				GCC_WARN_UNINITIALIZED_AUTOS = YES_AGGRESSIVE;
				GCC_WARN_UNUSED_FUNCTION = YES;
				GCC_WARN_UNUSED_VARIABLE = YES;
				IPHONEOS_DEPLOYMENT_TARGET = 17.0;
				LOCALIZATION_PREFERS_STRING_CATALOGS = YES;
				MTL_ENABLE_DEBUG_INFO = INCLUDE_SOURCE;
				MTL_FAST_MATH = YES;
				ONLY_ACTIVE_ARCH = YES;
				SDKROOT = iphoneos;
				SWIFT_ACTIVE_COMPILATION_CONDITIONS = "DEBUG $(inherited)";
				SWIFT_OPTIMIZATION_LEVEL = "-Onone";
			};
			name = Debug;
		};
		FA1425BF2B30F3D0009484CB /* Release */ = {
			isa = XCBuildConfiguration;
			buildSettings = {
				ALWAYS_SEARCH_USER_PATHS = NO;
				ASSETCATALOG_COMPILER_GENERATE_SWIFT_ASSET_SYMBOL_EXTENSIONS = YES;
				CLANG_ANALYZER_NONNULL = YES;
				CLANG_ANALYZER_NUMBER_OBJECT_CONVERSION = YES_AGGRESSIVE;
				CLANG_CXX_LANGUAGE_STANDARD = "gnu++20";
				CLANG_ENABLE_MODULES = YES;
				CLANG_ENABLE_OBJC_ARC = YES;
				CLANG_ENABLE_OBJC_WEAK = YES;
				CLANG_WARN_BLOCK_CAPTURE_AUTORELEASING = YES;
				CLANG_WARN_BOOL_CONVERSION = YES;
				CLANG_WARN_COMMA = YES;
				CLANG_WARN_CONSTANT_CONVERSION = YES;
				CLANG_WARN_DEPRECATED_OBJC_IMPLEMENTATIONS = YES;
				CLANG_WARN_DIRECT_OBJC_ISA_USAGE = YES_ERROR;
				CLANG_WARN_DOCUMENTATION_COMMENTS = YES;
				CLANG_WARN_EMPTY_BODY = YES;
				CLANG_WARN_ENUM_CONVERSION = YES;
				CLANG_WARN_INFINITE_RECURSION = YES;
				CLANG_WARN_INT_CONVERSION = YES;
				CLANG_WARN_NON_LITERAL_NULL_CONVERSION = YES;
				CLANG_WARN_OBJC_IMPLICIT_RETAIN_SELF = YES;
				CLANG_WARN_OBJC_LITERAL_CONVERSION = YES;
				CLANG_WARN_OBJC_ROOT_CLASS = YES_ERROR;
				CLANG_WARN_QUOTED_INCLUDE_IN_FRAMEWORK_HEADER = YES;
				CLANG_WARN_RANGE_LOOP_ANALYSIS = YES;
				CLANG_WARN_STRICT_PROTOTYPES = YES;
				CLANG_WARN_SUSPICIOUS_MOVE = YES;
				CLANG_WARN_UNGUARDED_AVAILABILITY = YES_AGGRESSIVE;
				CLANG_WARN_UNREACHABLE_CODE = YES;
				CLANG_WARN__DUPLICATE_METHOD_MATCH = YES;
				COPY_PHASE_STRIP = NO;
				DEBUG_INFORMATION_FORMAT = "dwarf-with-dsym";
				ENABLE_NS_ASSERTIONS = NO;
				ENABLE_STRICT_OBJC_MSGSEND = YES;
				ENABLE_USER_SCRIPT_SANDBOXING = YES;
				GCC_C_LANGUAGE_STANDARD = gnu17;
				GCC_NO_COMMON_BLOCKS = YES;
				GCC_WARN_64_TO_32_BIT_CONVERSION = YES;
				GCC_WARN_ABOUT_RETURN_TYPE = YES_ERROR;
				GCC_WARN_UNDECLARED_SELECTOR = YES;
				GCC_WARN_UNINITIALIZED_AUTOS = YES_AGGRESSIVE;
				GCC_WARN_UNUSED_FUNCTION = YES;
				GCC_WARN_UNUSED_VARIABLE = YES;
				IPHONEOS_DEPLOYMENT_TARGET = 17.0;
				LOCALIZATION_PREFERS_STRING_CATALOGS = YES;
				MTL_ENABLE_DEBUG_INFO = NO;
				MTL_FAST_MATH = YES;
				SDKROOT = iphoneos;
				SWIFT_COMPILATION_MODE = wholemodule;
				VALIDATE_PRODUCT = YES;
			};
			name = Release;
		};
		FA1425C12B30F3D0009484CB /* Debug */ = {
			isa = XCBuildConfiguration;
			buildSettings = {
				ASSETCATALOG_COMPILER_APPICON_NAME = AppIcon;
				ASSETCATALOG_COMPILER_GLOBAL_ACCENT_COLOR_NAME = AccentColor;
				CODE_SIGN_STYLE = Automatic;
				CURRENT_PROJECT_VERSION = 1;
				DEVELOPMENT_ASSET_PATHS = "\"SendData_SwiftUI/Preview Content\"";
				DEVELOPMENT_TEAM = 6N3JPZKBPF;
				ENABLE_PREVIEWS = YES;
				GENERATE_INFOPLIST_FILE = YES;
				INFOPLIST_KEY_UIApplicationSceneManifest_Generation = YES;
				INFOPLIST_KEY_UIApplicationSupportsIndirectInputEvents = YES;
				INFOPLIST_KEY_UILaunchScreen_Generation = YES;
				INFOPLIST_KEY_UISupportedInterfaceOrientations_iPad = "UIInterfaceOrientationPortrait UIInterfaceOrientationPortraitUpsideDown UIInterfaceOrientationLandscapeLeft UIInterfaceOrientationLandscapeRight";
				INFOPLIST_KEY_UISupportedInterfaceOrientations_iPhone = "UIInterfaceOrientationPortrait UIInterfaceOrientationLandscapeLeft UIInterfaceOrientationLandscapeRight";
				LD_RUNPATH_SEARCH_PATHS = (
					"$(inherited)",
					"@executable_path/Frameworks",
				);
				MARKETING_VERSION = 1.0;
				PRODUCT_BUNDLE_IDENTIFIER = "Shved.SendData-SwiftUI";
				PRODUCT_NAME = "$(TARGET_NAME)";
				SWIFT_EMIT_LOC_STRINGS = YES;
				SWIFT_VERSION = 5.0;
				TARGETED_DEVICE_FAMILY = "1,2";
			};
			name = Debug;
		};
		FA1425C22B30F3D0009484CB /* Release */ = {
			isa = XCBuildConfiguration;
			buildSettings = {
				ASSETCATALOG_COMPILER_APPICON_NAME = AppIcon;
				ASSETCATALOG_COMPILER_GLOBAL_ACCENT_COLOR_NAME = AccentColor;
				CODE_SIGN_STYLE = Automatic;
				CURRENT_PROJECT_VERSION = 1;
				DEVELOPMENT_ASSET_PATHS = "\"SendData_SwiftUI/Preview Content\"";
				DEVELOPMENT_TEAM = 6N3JPZKBPF;
				ENABLE_PREVIEWS = YES;
				GENERATE_INFOPLIST_FILE = YES;
				INFOPLIST_KEY_UIApplicationSceneManifest_Generation = YES;
				INFOPLIST_KEY_UIApplicationSupportsIndirectInputEvents = YES;
				INFOPLIST_KEY_UILaunchScreen_Generation = YES;
				INFOPLIST_KEY_UISupportedInterfaceOrientations_iPad = "UIInterfaceOrientationPortrait UIInterfaceOrientationPortraitUpsideDown UIInterfaceOrientationLandscapeLeft UIInterfaceOrientationLandscapeRight";
				INFOPLIST_KEY_UISupportedInterfaceOrientations_iPhone = "UIInterfaceOrientationPortrait UIInterfaceOrientationLandscapeLeft UIInterfaceOrientationLandscapeRight";
				LD_RUNPATH_SEARCH_PATHS = (
					"$(inherited)",
					"@executable_path/Frameworks",
				);
				MARKETING_VERSION = 1.0;
				PRODUCT_BUNDLE_IDENTIFIER = "Shved.SendData-SwiftUI";
				PRODUCT_NAME = "$(TARGET_NAME)";
				SWIFT_EMIT_LOC_STRINGS = YES;
				SWIFT_VERSION = 5.0;
				TARGETED_DEVICE_FAMILY = "1,2";
			};
			name = Release;
		};
/* End XCBuildConfiguration section */

/* Begin XCConfigurationList section */
		FA1425AD2B30F3CF009484CB /* Build configuration list for PBXProject "SendData_SwiftUI" */ = {
			isa = XCConfigurationList;
			buildConfigurations = (
				FA1425BE2B30F3D0009484CB /* Debug */,
				FA1425BF2B30F3D0009484CB /* Release */,
			);
			defaultConfigurationIsVisible = 0;
			defaultConfigurationName = Release;
		};
		FA1425C02B30F3D0009484CB /* Build configuration list for PBXNativeTarget "SendData_SwiftUI" */ = {
			isa = XCConfigurationList;
			buildConfigurations = (
				FA1425C12B30F3D0009484CB /* Debug */,
				FA1425C22B30F3D0009484CB /* Release */,
			);
			defaultConfigurationIsVisible = 0;
			defaultConfigurationName = Release;
		};
/* End XCConfigurationList section */

/* Begin XCVersionGroup section */
		FA1425D02B31A8CF009484CB /* SendData_SwiftUI.xcdatamodeld */ = {
			isa = XCVersionGroup;
			children = (
				FA1425D12B31A8CF009484CB /* SendData_SwiftUI.xcdatamodel */,
			);
			currentVersion = FA1425D12B31A8CF009484CB /* SendData_SwiftUI.xcdatamodel */;
			path = SendData_SwiftUI.xcdatamodeld;
			sourceTree = "<group>";
			versionGroupType = wrapper.xcdatamodel;
		};
/* End XCVersionGroup section */
	};
	rootObject = FA1425AA2B30F3CF009484CB /* Project object */;
}
